// !$*UTF8*$!
{
	archiveVersion = 1;
	classes = {
	};
	objectVersion = 50;
	objects = {

/* Begin PBXBuildFile section */
		3C6B672A244E87E2003A8CF9 /* AppDelegate.swift in Sources */ = {isa = PBXBuildFile; fileRef = 3C6B6729244E87E2003A8CF9 /* AppDelegate.swift */; };
		3C6B672C244E87E2003A8CF9 /* SceneDelegate.swift in Sources */ = {isa = PBXBuildFile; fileRef = 3C6B672B244E87E2003A8CF9 /* SceneDelegate.swift */; };
		3C6B6731244E87E2003A8CF9 /* Main.storyboard in Resources */ = {isa = PBXBuildFile; fileRef = 3C6B672F244E87E2003A8CF9 /* Main.storyboard */; };
		3C6B6733244E87E5003A8CF9 /* Assets.xcassets in Resources */ = {isa = PBXBuildFile; fileRef = 3C6B6732244E87E5003A8CF9 /* Assets.xcassets */; };
		3C6B6736244E87E5003A8CF9 /* LaunchScreen.storyboard in Resources */ = {isa = PBXBuildFile; fileRef = 3C6B6734244E87E5003A8CF9 /* LaunchScreen.storyboard */; };
		3C6B6742244E8853003A8CF9 /* MyDatabase.db in Resources */ = {isa = PBXBuildFile; fileRef = 3C6B6741244E8853003A8CF9 /* MyDatabase.db */; };
		3C6B6744244E88BF003A8CF9 /* TableViewController.swift in Sources */ = {isa = PBXBuildFile; fileRef = 3C6B6743244E88BF003A8CF9 /* TableViewController.swift */; };
		3C6B6746244E88F0003A8CF9 /* PickerViewController.swift in Sources */ = {isa = PBXBuildFile; fileRef = 3C6B6745244E88F0003A8CF9 /* PickerViewController.swift */; };
		3C6B6748244EAFB4003A8CF9 /* HomeViewController.swift in Sources */ = {isa = PBXBuildFile; fileRef = 3C6B6747244EAFB4003A8CF9 /* HomeViewController.swift */; };
		3C6B674A244EB30C003A8CF9 /* Data.swift in Sources */ = {isa = PBXBuildFile; fileRef = 3C6B6749244EB30C003A8CF9 /* Data.swift */; };
		3CB9670B244EC30500A41607 /* libsqlite3.tbd in Frameworks */ = {isa = PBXBuildFile; fileRef = 3CB96709244EC30500A41607 /* libsqlite3.tbd */; };
		3CB9670C244EC30500A41607 /* libsqlite3.0.tbd in Frameworks */ = {isa = PBXBuildFile; fileRef = 3CB9670A244EC30500A41607 /* libsqlite3.0.tbd */; };
		3CB9670E244EC60800A41607 /* SiteCell.swift in Sources */ = {isa = PBXBuildFile; fileRef = 3CB9670D244EC60800A41607 /* SiteCell.swift */; };
/* End PBXBuildFile section */

/* Begin PBXFileReference section */
		3C6B6726244E87E2003A8CF9 /* MySQLiteDatabaseApp.app */ = {isa = PBXFileReference; explicitFileType = wrapper.application; includeInIndex = 0; path = MySQLiteDatabaseApp.app; sourceTree = BUILT_PRODUCTS_DIR; };
		3C6B6729244E87E2003A8CF9 /* AppDelegate.swift */ = {isa = PBXFileReference; lastKnownFileType = sourcecode.swift; path = AppDelegate.swift; sourceTree = "<group>"; };
		3C6B672B244E87E2003A8CF9 /* SceneDelegate.swift */ = {isa = PBXFileReference; lastKnownFileType = sourcecode.swift; path = SceneDelegate.swift; sourceTree = "<group>"; };
		3C6B6730244E87E2003A8CF9 /* Base */ = {isa = PBXFileReference; lastKnownFileType = file.storyboard; name = Base; path = Base.lproj/Main.storyboard; sourceTree = "<group>"; };
		3C6B6732244E87E5003A8CF9 /* Assets.xcassets */ = {isa = PBXFileReference; lastKnownFileType = folder.assetcatalog; path = Assets.xcassets; sourceTree = "<group>"; };
		3C6B6735244E87E5003A8CF9 /* Base */ = {isa = PBXFileReference; lastKnownFileType = file.storyboard; name = Base; path = Base.lproj/LaunchScreen.storyboard; sourceTree = "<group>"; };
		3C6B6737244E87E5003A8CF9 /* Info.plist */ = {isa = PBXFileReference; lastKnownFileType = text.plist.xml; path = Info.plist; sourceTree = "<group>"; };
		3C6B6741244E8853003A8CF9 /* MyDatabase.db */ = {isa = PBXFileReference; lastKnownFileType = file; path = MyDatabase.db; sourceTree = "<group>"; };
		3C6B6743244E88BF003A8CF9 /* TableViewController.swift */ = {isa = PBXFileReference; lastKnownFileType = sourcecode.swift; path = TableViewController.swift; sourceTree = "<group>"; };
		3C6B6745244E88F0003A8CF9 /* PickerViewController.swift */ = {isa = PBXFileReference; lastKnownFileType = sourcecode.swift; path = PickerViewController.swift; sourceTree = "<group>"; };
		3C6B6747244EAFB4003A8CF9 /* HomeViewController.swift */ = {isa = PBXFileReference; lastKnownFileType = sourcecode.swift; path = HomeViewController.swift; sourceTree = "<group>"; };
		3C6B6749244EB30C003A8CF9 /* Data.swift */ = {isa = PBXFileReference; lastKnownFileType = sourcecode.swift; path = Data.swift; sourceTree = "<group>"; };
		3CB96706244EC2BF00A41607 /* MySQLiteDatabaseApp-Bridging-Header.h */ = {isa = PBXFileReference; lastKnownFileType = sourcecode.c.h; path = "MySQLiteDatabaseApp-Bridging-Header.h"; sourceTree = "<group>"; };
		3CB96709244EC30500A41607 /* libsqlite3.tbd */ = {isa = PBXFileReference; lastKnownFileType = "sourcecode.text-based-dylib-definition"; name = libsqlite3.tbd; path = usr/lib/libsqlite3.tbd; sourceTree = SDKROOT; };
		3CB9670A244EC30500A41607 /* libsqlite3.0.tbd */ = {isa = PBXFileReference; lastKnownFileType = "sourcecode.text-based-dylib-definition"; name = libsqlite3.0.tbd; path = usr/lib/libsqlite3.0.tbd; sourceTree = SDKROOT; };
		3CB9670D244EC60800A41607 /* SiteCell.swift */ = {isa = PBXFileReference; fileEncoding = 4; lastKnownFileType = sourcecode.swift; name = SiteCell.swift; path = ../../../SwiftTables2/SwiftTables2/Classes/SiteCell.swift; sourceTree = "<group>"; };
/* End PBXFileReference section */

/* Begin PBXFrameworksBuildPhase section */
		3C6B6723244E87E2003A8CF9 /* Frameworks */ = {
			isa = PBXFrameworksBuildPhase;
			buildActionMask = 2147483647;
			files = (
				3CB9670B244EC30500A41607 /* libsqlite3.tbd in Frameworks */,
				3CB9670C244EC30500A41607 /* libsqlite3.0.tbd in Frameworks */,
			);
			runOnlyForDeploymentPostprocessing = 0;
		};
/* End PBXFrameworksBuildPhase section */

/* Begin PBXGroup section */
		3C6B671D244E87E2003A8CF9 = {
			isa = PBXGroup;
			children = (
				3C6B6728244E87E2003A8CF9 /* MySQLiteDatabaseApp */,
				3C6B6727244E87E2003A8CF9 /* Products */,
				3C894DBA244EBEB7004972A5 /* Frameworks */,
			);
			sourceTree = "<group>";
		};
		3C6B6727244E87E2003A8CF9 /* Products */ = {
			isa = PBXGroup;
			children = (
				3C6B6726244E87E2003A8CF9 /* MySQLiteDatabaseApp.app */,
			);
			name = Products;
			sourceTree = "<group>";
		};
		3C6B6728244E87E2003A8CF9 /* MySQLiteDatabaseApp */ = {
			isa = PBXGroup;
			children = (
				3C6B6740244E8812003A8CF9 /* Database */,
				3C6B673F244E880A003A8CF9 /* Storyboards */,
				3C6B673E244E8803003A8CF9 /* Classes */,
				3C6B673D244E87F7003A8CF9 /* View Controllers */,
				3C6B6732244E87E5003A8CF9 /* Assets.xcassets */,
				3C6B6737244E87E5003A8CF9 /* Info.plist */,
			);
			path = MySQLiteDatabaseApp;
			sourceTree = "<group>";
		};
		3C6B673D244E87F7003A8CF9 /* View Controllers */ = {
			isa = PBXGroup;
			children = (
				3C6B6747244EAFB4003A8CF9 /* HomeViewController.swift */,
				3C6B6743244E88BF003A8CF9 /* TableViewController.swift */,
				3C6B6745244E88F0003A8CF9 /* PickerViewController.swift */,
			);
			path = "View Controllers";
			sourceTree = "<group>";
		};
		3C6B673E244E8803003A8CF9 /* Classes */ = {
			isa = PBXGroup;
			children = (
				3CB9670D244EC60800A41607 /* SiteCell.swift */,
				3C6B672B244E87E2003A8CF9 /* SceneDelegate.swift */,
				3C6B6729244E87E2003A8CF9 /* AppDelegate.swift */,
				3C6B6749244EB30C003A8CF9 /* Data.swift */,
				3CB96706244EC2BF00A41607 /* MySQLiteDatabaseApp-Bridging-Header.h */,
			);
			path = Classes;
			sourceTree = "<group>";
		};
		3C6B673F244E880A003A8CF9 /* Storyboards */ = {
			isa = PBXGroup;
			children = (
				3C6B672F244E87E2003A8CF9 /* Main.storyboard */,
				3C6B6734244E87E5003A8CF9 /* LaunchScreen.storyboard */,
			);
			path = Storyboards;
			sourceTree = "<group>";
		};
		3C6B6740244E8812003A8CF9 /* Database */ = {
			isa = PBXGroup;
			children = (
				3C6B6741244E8853003A8CF9 /* MyDatabase.db */,
			);
			path = Database;
			sourceTree = "<group>";
		};
		3C894DBA244EBEB7004972A5 /* Frameworks */ = {
			isa = PBXGroup;
			children = (
				3CB9670A244EC30500A41607 /* libsqlite3.0.tbd */,
				3CB96709244EC30500A41607 /* libsqlite3.tbd */,
			);
			name = Frameworks;
			sourceTree = "<group>";
		};
/* End PBXGroup section */

/* Begin PBXNativeTarget section */
		3C6B6725244E87E2003A8CF9 /* MySQLiteDatabaseApp */ = {
			isa = PBXNativeTarget;
			buildConfigurationList = 3C6B673A244E87E5003A8CF9 /* Build configuration list for PBXNativeTarget "MySQLiteDatabaseApp" */;
			buildPhases = (
				3C6B6722244E87E2003A8CF9 /* Sources */,
				3C6B6723244E87E2003A8CF9 /* Frameworks */,
				3C6B6724244E87E2003A8CF9 /* Resources */,
			);
			buildRules = (
			);
			dependencies = (
			);
			name = MySQLiteDatabaseApp;
			productName = MySQLiteDatabaseApp;
			productReference = 3C6B6726244E87E2003A8CF9 /* MySQLiteDatabaseApp.app */;
			productType = "com.apple.product-type.application";
		};
/* End PBXNativeTarget section */

/* Begin PBXProject section */
		3C6B671E244E87E2003A8CF9 /* Project object */ = {
			isa = PBXProject;
			attributes = {
				LastSwiftUpdateCheck = 1100;
				LastUpgradeCheck = 1100;
				ORGANIZATIONNAME = "DJ Initiatives";
				TargetAttributes = {
					3C6B6725244E87E2003A8CF9 = {
						CreatedOnToolsVersion = 11.0;
						LastSwiftMigration = 1100;
					};
				};
			};
			buildConfigurationList = 3C6B6721244E87E2003A8CF9 /* Build configuration list for PBXProject "MySQLiteDatabaseApp" */;
			compatibilityVersion = "Xcode 9.3";
			developmentRegion = en;
			hasScannedForEncodings = 0;
			knownRegions = (
				en,
				Base,
			);
			mainGroup = 3C6B671D244E87E2003A8CF9;
			productRefGroup = 3C6B6727244E87E2003A8CF9 /* Products */;
			projectDirPath = "";
			projectRoot = "";
			targets = (
				3C6B6725244E87E2003A8CF9 /* MySQLiteDatabaseApp */,
			);
		};
/* End PBXProject section */

/* Begin PBXResourcesBuildPhase section */
		3C6B6724244E87E2003A8CF9 /* Resources */ = {
			isa = PBXResourcesBuildPhase;
			buildActionMask = 2147483647;
			files = (
				3C6B6742244E8853003A8CF9 /* MyDatabase.db in Resources */,
				3C6B6736244E87E5003A8CF9 /* LaunchScreen.storyboard in Resources */,
				3C6B6733244E87E5003A8CF9 /* Assets.xcassets in Resources */,
				3C6B6731244E87E2003A8CF9 /* Main.storyboard in Resources */,
			);
			runOnlyForDeploymentPostprocessing = 0;
		};
/* End PBXResourcesBuildPhase section */

/* Begin PBXSourcesBuildPhase section */
		3C6B6722244E87E2003A8CF9 /* Sources */ = {
			isa = PBXSourcesBuildPhase;
			buildActionMask = 2147483647;
			files = (
				3C6B6746244E88F0003A8CF9 /* PickerViewController.swift in Sources */,
				3C6B674A244EB30C003A8CF9 /* Data.swift in Sources */,
				3CB9670E244EC60800A41607 /* SiteCell.swift in Sources */,
				3C6B672A244E87E2003A8CF9 /* AppDelegate.swift in Sources */,
				3C6B672C244E87E2003A8CF9 /* SceneDelegate.swift in Sources */,
				3C6B6744244E88BF003A8CF9 /* TableViewController.swift in Sources */,
				3C6B6748244EAFB4003A8CF9 /* HomeViewController.swift in Sources */,
			);
			runOnlyForDeploymentPostprocessing = 0;
		};
/* End PBXSourcesBuildPhase section */

/* Begin PBXVariantGroup section */
		3C6B672F244E87E2003A8CF9 /* Main.storyboard */ = {
			isa = PBXVariantGroup;
			children = (
				3C6B6730244E87E2003A8CF9 /* Base */,
			);
			name = Main.storyboard;
			sourceTree = "<group>";
		};
		3C6B6734244E87E5003A8CF9 /* LaunchScreen.storyboard */ = {
			isa = PBXVariantGroup;
			children = (
				3C6B6735244E87E5003A8CF9 /* Base */,
			);
			name = LaunchScreen.storyboard;
			sourceTree = "<group>";
		};
/* End PBXVariantGroup section */

/* Begin XCBuildConfiguration section */
		3C6B6738244E87E5003A8CF9 /* Debug */ = {
			isa = XCBuildConfiguration;
			buildSettings = {
				ALWAYS_SEARCH_USER_PATHS = NO;
				CLANG_ANALYZER_NONNULL = YES;
				CLANG_ANALYZER_NUMBER_OBJECT_CONVERSION = YES_AGGRESSIVE;
				CLANG_CXX_LANGUAGE_STANDARD = "gnu++14";
				CLANG_CXX_LIBRARY = "libc++";
				CLANG_ENABLE_MODULES = YES;
				CLANG_ENABLE_OBJC_ARC = YES;
				CLANG_ENABLE_OBJC_WEAK = YES;
				CLANG_WARN_BLOCK_CAPTURE_AUTORELEASING = YES;
				CLANG_WARN_BOOL_CONVERSION = YES;
				CLANG_WARN_COMMA = YES;
				CLANG_WARN_CONSTANT_CONVERSION = YES;
				CLANG_WARN_DEPRECATED_OBJC_IMPLEMENTATIONS = YES;
				CLANG_WARN_DIRECT_OBJC_ISA_USAGE = YES_ERROR;
				CLANG_WARN_DOCUMENTATION_COMMENTS = YES;
				CLANG_WARN_EMPTY_BODY = YES;
				CLANG_WARN_ENUM_CONVERSION = YES;
				CLANG_WARN_INFINITE_RECURSION = YES;
				CLANG_WARN_INT_CONVERSION = YES;
				CLANG_WARN_NON_LITERAL_NULL_CONVERSION = YES;
				CLANG_WARN_OBJC_IMPLICIT_RETAIN_SELF = YES;
				CLANG_WARN_OBJC_LITERAL_CONVERSION = YES;
				CLANG_WARN_OBJC_ROOT_CLASS = YES_ERROR;
				CLANG_WARN_RANGE_LOOP_ANALYSIS = YES;
				CLANG_WARN_STRICT_PROTOTYPES = YES;
				CLANG_WARN_SUSPICIOUS_MOVE = YES;
				CLANG_WARN_UNGUARDED_AVAILABILITY = YES_AGGRESSIVE;
				CLANG_WARN_UNREACHABLE_CODE = YES;
				CLANG_WARN__DUPLICATE_METHOD_MATCH = YES;
				COPY_PHASE_STRIP = NO;
				DEBUG_INFORMATION_FORMAT = dwarf;
				ENABLE_STRICT_OBJC_MSGSEND = YES;
				ENABLE_TESTABILITY = YES;
				GCC_C_LANGUAGE_STANDARD = gnu11;
				GCC_DYNAMIC_NO_PIC = NO;
				GCC_NO_COMMON_BLOCKS = YES;
				GCC_OPTIMIZATION_LEVEL = 0;
				GCC_PREPROCESSOR_DEFINITIONS = (
					"DEBUG=1",
					"$(inherited)",
				);
				GCC_WARN_64_TO_32_BIT_CONVERSION = YES;
				GCC_WARN_ABOUT_RETURN_TYPE = YES_ERROR;
				GCC_WARN_UNDECLARED_SELECTOR = YES;
				GCC_WARN_UNINITIALIZED_AUTOS = YES_AGGRESSIVE;
				GCC_WARN_UNUSED_FUNCTION = YES;
				GCC_WARN_UNUSED_VARIABLE = YES;
				IPHONEOS_DEPLOYMENT_TARGET = 13.0;
				MTL_ENABLE_DEBUG_INFO = INCLUDE_SOURCE;
				MTL_FAST_MATH = YES;
				ONLY_ACTIVE_ARCH = YES;
				SDKROOT = iphoneos;
				SWIFT_ACTIVE_COMPILATION_CONDITIONS = DEBUG;
				SWIFT_OPTIMIZATION_LEVEL = "-Onone";
			};
			name = Debug;
		};
		3C6B6739244E87E5003A8CF9 /* Release */ = {
			isa = XCBuildConfiguration;
			buildSettings = {
				ALWAYS_SEARCH_USER_PATHS = NO;
				CLANG_ANALYZER_NONNULL = YES;
				CLANG_ANALYZER_NUMBER_OBJECT_CONVERSION = YES_AGGRESSIVE;
				CLANG_CXX_LANGUAGE_STANDARD = "gnu++14";
				CLANG_CXX_LIBRARY = "libc++";
				CLANG_ENABLE_MODULES = YES;
				CLANG_ENABLE_OBJC_ARC = YES;
				CLANG_ENABLE_OBJC_WEAK = YES;
				CLANG_WARN_BLOCK_CAPTURE_AUTORELEASING = YES;
				CLANG_WARN_BOOL_CONVERSION = YES;
				CLANG_WARN_COMMA = YES;
				CLANG_WARN_CONSTANT_CONVERSION = YES;
				CLANG_WARN_DEPRECATED_OBJC_IMPLEMENTATIONS = YES;
				CLANG_WARN_DIRECT_OBJC_ISA_USAGE = YES_ERROR;
				CLANG_WARN_DOCUMENTATION_COMMENTS = YES;
				CLANG_WARN_EMPTY_BODY = YES;
				CLANG_WARN_ENUM_CONVERSION = YES;
				CLANG_WARN_INFINITE_RECURSION = YES;
				CLANG_WARN_INT_CONVERSION = YES;
				CLANG_WARN_NON_LITERAL_NULL_CONVERSION = YES;
				CLANG_WARN_OBJC_IMPLICIT_RETAIN_SELF = YES;
				CLANG_WARN_OBJC_LITERAL_CONVERSION = YES;
				CLANG_WARN_OBJC_ROOT_CLASS = YES_ERROR;
				CLANG_WARN_RANGE_LOOP_ANALYSIS = YES;
				CLANG_WARN_STRICT_PROTOTYPES = YES;
				CLANG_WARN_SUSPICIOUS_MOVE = YES;
				CLANG_WARN_UNGUARDED_AVAILABILITY = YES_AGGRESSIVE;
				CLANG_WARN_UNREACHABLE_CODE = YES;
				CLANG_WARN__DUPLICATE_METHOD_MATCH = YES;
				COPY_PHASE_STRIP = NO;
				DEBUG_INFORMATION_FORMAT = "dwarf-with-dsym";
				ENABLE_NS_ASSERTIONS = NO;
				ENABLE_STRICT_OBJC_MSGSEND = YES;
				GCC_C_LANGUAGE_STANDARD = gnu11;
				GCC_NO_COMMON_BLOCKS = YES;
				GCC_WARN_64_TO_32_BIT_CONVERSION = YES;
				GCC_WARN_ABOUT_RETURN_TYPE = YES_ERROR;
				GCC_WARN_UNDECLARED_SELECTOR = YES;
				GCC_WARN_UNINITIALIZED_AUTOS = YES_AGGRESSIVE;
				GCC_WARN_UNUSED_FUNCTION = YES;
				GCC_WARN_UNUSED_VARIABLE = YES;
				IPHONEOS_DEPLOYMENT_TARGET = 13.0;
				MTL_ENABLE_DEBUG_INFO = NO;
				MTL_FAST_MATH = YES;
				SDKROOT = iphoneos;
				SWIFT_COMPILATION_MODE = wholemodule;
				SWIFT_OPTIMIZATION_LEVEL = "-O";
				VALIDATE_PRODUCT = YES;
			};
			name = Release;
		};
		3C6B673B244E87E5003A8CF9 /* Debug */ = {
			isa = XCBuildConfiguration;
			buildSettings = {
				ASSETCATALOG_COMPILER_APPICON_NAME = AppIcon;
				CLANG_ENABLE_MODULES = YES;
				CODE_SIGN_STYLE = Automatic;
				DEVELOPMENT_TEAM = 5K72WC9GDQ;
				INFOPLIST_FILE = MySQLiteDatabaseApp/Info.plist;
				LD_RUNPATH_SEARCH_PATHS = (
					"$(inherited)",
					"@executable_path/Frameworks",
				);
				PRODUCT_BUNDLE_IDENTIFIER = com.djinitiatives.MySQLiteDatabaseApp;
				PRODUCT_NAME = "$(TARGET_NAME)";
				SWIFT_OBJC_BRIDGING_HEADER = "MySQLiteDatabaseApp/Classes/MySQLiteDatabaseApp-Bridging-Header.h";
				SWIFT_OPTIMIZATION_LEVEL = "-Onone";
				SWIFT_VERSION = 5.0;
				TARGETED_DEVICE_FAMILY = "1,2";
			};
			name = Debug;
		};
		3C6B673C244E87E5003A8CF9 /* Release */ = {
			isa = XCBuildConfiguration;
			buildSettings = {
				ASSETCATALOG_COMPILER_APPICON_NAME = AppIcon;
				CLANG_ENABLE_MODULES = YES;
				CODE_SIGN_STYLE = Automatic;
				DEVELOPMENT_TEAM = 5K72WC9GDQ;
				INFOPLIST_FILE = MySQLiteDatabaseApp/Info.plist;
				LD_RUNPATH_SEARCH_PATHS = (
					"$(inherited)",
					"@executable_path/Frameworks",
				);
				PRODUCT_BUNDLE_IDENTIFIER = com.djinitiatives.MySQLiteDatabaseApp;
				PRODUCT_NAME = "$(TARGET_NAME)";
				SWIFT_OBJC_BRIDGING_HEADER = "MySQLiteDatabaseApp/Classes/MySQLiteDatabaseApp-Bridging-Header.h";
				SWIFT_VERSION = 5.0;
				TARGETED_DEVICE_FAMILY = "1,2";
			};
			name = Release;
		};
/* End XCBuildConfiguration section */

/* Begin XCConfigurationList section */
		3C6B6721244E87E2003A8CF9 /* Build configuration list for PBXProject "MySQLiteDatabaseApp" */ = {
			isa = XCConfigurationList;
			buildConfigurations = (
				3C6B6738244E87E5003A8CF9 /* Debug */,
				3C6B6739244E87E5003A8CF9 /* Release */,
			);
			defaultConfigurationIsVisible = 0;
			defaultConfigurationName = Release;
		};
		3C6B673A244E87E5003A8CF9 /* Build configuration list for PBXNativeTarget "MySQLiteDatabaseApp" */ = {
			isa = XCConfigurationList;
			buildConfigurations = (
				3C6B673B244E87E5003A8CF9 /* Debug */,
				3C6B673C244E87E5003A8CF9 /* Release */,
			);
			defaultConfigurationIsVisible = 0;
			defaultConfigurationName = Release;
		};
/* End XCConfigurationList section */
	};
	rootObject = 3C6B671E244E87E2003A8CF9 /* Project object */;
}
